
Microsoft Visual Studio Solution File, Format Version 12.00
# Visual Studio Version 16
VisualStudioVersion = 16.0.31424.327
MinimumVisualStudioVersion = 10.0.40219.1
Project("{00D1A9C2-B5F0-4AF3-8072-F6C62B433612}") = "TRMData", "TRMData\TRMData.sqlproj", "{5FA4CBA4-96AF-4214-AEE2-F212FB1C06CB}"
EndProject
Project("{9A19103F-16F7-4668-BE54-9A1E7A4F7556}") = "TRMDesktopUI", "TRMDesktopUI\TRMDesktopUI.csproj", "{E980917A-9266-4E92-9A08-17202F39FF31}"
EndProject
Project("{9A19103F-16F7-4668-BE54-9A1E7A4F7556}") = "TRMDataManager.Library", "TRMDataManager.Library\TRMDataManager.Library.csproj", "{C32AEC20-C676-4C07-A483-704150F7DB57}"
EndProject
Project("{9A19103F-16F7-4668-BE54-9A1E7A4F7556}") = "TRMDesktopUI.Library", "TRMDesktopUI.Library\TRMDesktopUI.Library.csproj", "{38C70002-87F1-497B-A0CC-438FD214F83F}"
EndProject
Project("{2150E333-8FDC-42A3-9474-1A3956D46DE8}") = "Database", "Database", "{80AC62F5-4CCE-40A9-875F-64D22EB5E3BD}"
EndProject
Project("{2150E333-8FDC-42A3-9474-1A3956D46DE8}") = "API", "API", "{BD79752B-B0ED-400B-BC82-1F4A820441F3}"
EndProject
Project("{2150E333-8FDC-42A3-9474-1A3956D46DE8}") = "WPF", "WPF", "{FD814B89-CF95-4E62-B271-9E4BD5431065}"
EndProject
Project("{9A19103F-16F7-4668-BE54-9A1E7A4F7556}") = "TRMApi", "TRMApi\TRMApi.csproj", "{0652B79F-2793-438E-AD81-D20654E10B1E}"
EndProject
Project("{2150E333-8FDC-42A3-9474-1A3956D46DE8}") = "Solution Items", "Solution Items", "{D870A9EB-4436-4DAB-94FF-506410B177A8}"
	ProjectSection(SolutionItems) = preProject
		.editorconfig = .editorconfig
		Roadmap.txt = Roadmap.txt
	EndProjectSection
EndProject
Project("{2150E333-8FDC-42A3-9474-1A3956D46DE8}") = "WebApps", "WebApps", "{5A1C4EDE-2477-42FF-AD8F-5EFC0A39A6CB}"
EndProject
Project("{9A19103F-16F7-4668-BE54-9A1E7A4F7556}") = "Portal", "Portal\Portal.csproj", "{5EF48276-E7EA-40DD-B984-1E5C07E32A9C}"
EndProject
Global
	GlobalSection(SolutionConfigurationPlatforms) = preSolution
		Debug|Any CPU = Debug|Any CPU
		Release|Any CPU = Release|Any CPU
	EndGlobalSection
	GlobalSection(ProjectConfigurationPlatforms) = postSolution
		{5FA4CBA4-96AF-4214-AEE2-F212FB1C06CB}.Debug|Any CPU.ActiveCfg = Debug|Any CPU
		{5FA4CBA4-96AF-4214-AEE2-F212FB1C06CB}.Debug|Any CPU.Build.0 = Debug|Any CPU
		{5FA4CBA4-96AF-4214-AEE2-F212FB1C06CB}.Debug|Any CPU.Deploy.0 = Debug|Any CPU
		{5FA4CBA4-96AF-4214-AEE2-F212FB1C06CB}.Release|Any CPU.ActiveCfg = Release|Any CPU
		{5FA4CBA4-96AF-4214-AEE2-F212FB1C06CB}.Release|Any CPU.Build.0 = Release|Any CPU
		{5FA4CBA4-96AF-4214-AEE2-F212FB1C06CB}.Release|Any CPU.Deploy.0 = Release|Any CPU
		{E980917A-9266-4E92-9A08-17202F39FF31}.Debug|Any CPU.ActiveCfg = Debug|Any CPU
		{E980917A-9266-4E92-9A08-17202F39FF31}.Debug|Any CPU.Build.0 = Debug|Any CPU
		{E980917A-9266-4E92-9A08-17202F39FF31}.Release|Any CPU.ActiveCfg = Release|Any CPU
		{E980917A-9266-4E92-9A08-17202F39FF31}.Release|Any CPU.Build.0 = Release|Any CPU
		{C32AEC20-C676-4C07-A483-704150F7DB57}.Debug|Any CPU.ActiveCfg = Debug|Any CPU
		{C32AEC20-C676-4C07-A483-704150F7DB57}.Debug|Any CPU.Build.0 = Debug|Any CPU
		{C32AEC20-C676-4C07-A483-704150F7DB57}.Release|Any CPU.ActiveCfg = Release|Any CPU
		{C32AEC20-C676-4C07-A483-704150F7DB57}.Release|Any CPU.Build.0 = Release|Any CPU
		{38C70002-87F1-497B-A0CC-438FD214F83F}.Debug|Any CPU.ActiveCfg = Debug|Any CPU
		{38C70002-87F1-497B-A0CC-438FD214F83F}.Debug|Any CPU.Build.0 = Debug|Any CPU
		{38C70002-87F1-497B-A0CC-438FD214F83F}.Release|Any CPU.ActiveCfg = Release|Any CPU
		{38C70002-87F1-497B-A0CC-438FD214F83F}.Release|Any CPU.Build.0 = Release|Any CPU
		{0652B79F-2793-438E-AD81-D20654E10B1E}.Debug|Any CPU.ActiveCfg = Debug|Any CPU
		{0652B79F-2793-438E-AD81-D20654E10B1E}.Debug|Any CPU.Build.0 = Debug|Any CPU
		{0652B79F-2793-438E-AD81-D20654E10B1E}.Release|Any CPU.ActiveCfg = Release|Any CPU
		{0652B79F-2793-438E-AD81-D20654E10B1E}.Release|Any CPU.Build.0 = Release|Any CPU
		{5EF48276-E7EA-40DD-B984-1E5C07E32A9C}.Debug|Any CPU.ActiveCfg = Debug|Any CPU
		{5EF48276-E7EA-40DD-B984-1E5C07E32A9C}.Debug|Any CPU.Build.0 = Debug|Any CPU
		{5EF48276-E7EA-40DD-B984-1E5C07E32A9C}.Release|Any CPU.ActiveCfg = Release|Any CPU
		{5EF48276-E7EA-40DD-B984-1E5C07E32A9C}.Release|Any CPU.Build.0 = Release|Any CPU
	EndGlobalSection
	GlobalSection(SolutionProperties) = preSolution
		HideSolutionNode = FALSE
	EndGlobalSection
	GlobalSection(NestedProjects) = preSolution
		{5FA4CBA4-96AF-4214-AEE2-F212FB1C06CB} = {80AC62F5-4CCE-40A9-875F-64D22EB5E3BD}
		{E980917A-9266-4E92-9A08-17202F39FF31} = {FD814B89-CF95-4E62-B271-9E4BD5431065}
		{C32AEC20-C676-4C07-A483-704150F7DB57} = {BD79752B-B0ED-400B-BC82-1F4A820441F3}
		{38C70002-87F1-497B-A0CC-438FD214F83F} = {FD814B89-CF95-4E62-B271-9E4BD5431065}
		{0652B79F-2793-438E-AD81-D20654E10B1E} = {BD79752B-B0ED-400B-BC82-1F4A820441F3}
		{5EF48276-E7EA-40DD-B984-1E5C07E32A9C} = {5A1C4EDE-2477-42FF-AD8F-5EFC0A39A6CB}
	EndGlobalSection
	GlobalSection(ExtensibilityGlobals) = postSolution
		SolutionGuid = {2CF8EC98-4A12-4F06-80F8-018F4AE99F6E}
	EndGlobalSection
EndGlobal
