
Microsoft Visual Studio Solution File, Format Version 12.00
# Visual Studio Version 16
VisualStudioVersion = 16.0.31424.327
MinimumVisualStudioVersion = 10.0.40219.1
Project("{FAE04EC0-301F-11D3-BF4B-00C04F79EFBC}") = "TRMDataManager", "TRMDataManager\TRMDataManager.csproj", "{061F5223-ABB3-4A05-8FE8-F2262D3B437E}"
EndProject
Global
	GlobalSection(SolutionConfigurationPlatforms) = preSolution
		Debug|Any CPU = Debug|Any CPU
		Release|Any CPU = Release|Any CPU
	EndGlobalSection
	GlobalSection(ProjectConfigurationPlatforms) = postSolution
		{061F5223-ABB3-4A05-8FE8-F2262D3B437E}.Debug|Any CPU.ActiveCfg = Debug|Any CPU
		{061F5223-ABB3-4A05-8FE8-F2262D3B437E}.Debug|Any CPU.Build.0 = Debug|Any CPU
		{061F5223-ABB3-4A05-8FE8-F2262D3B437E}.Release|Any CPU.ActiveCfg = Release|Any CPU
		{061F5223-ABB3-4A05-8FE8-F2262D3B437E}.Release|Any CPU.Build.0 = Release|Any CPU
	EndGlobalSection
	GlobalSection(SolutionProperties) = preSolution
		HideSolutionNode = FALSE
	EndGlobalSection
	GlobalSection(ExtensibilityGlobals) = postSolution
		SolutionGuid = {2CF8EC98-4A12-4F06-80F8-018F4AE99F6E}
	EndGlobalSection
EndGlobal
